
Microsoft Visual Studio Solution File, Format Version 12.00
# Visual Studio Version 17
VisualStudioVersion = 17.1.32421.90
MinimumVisualStudioVersion = 10.0.40219.1
Project("{9A19103F-16F7-4668-BE54-9A1E7A4F7556}") = "ApiDemoApp", "ApiDemoApp\ApiDemoApp.csproj", "{0CE62DE4-F037-42CA-BDB5-AD6F1690A7BB}"
EndProject
Global
	GlobalSection(SolutionConfigurationPlatforms) = preSolution
		Debug|Any CPU = Debug|Any CPU
		Release|Any CPU = Release|Any CPU
	EndGlobalSection
	GlobalSection(ProjectConfigurationPlatforms) = postSolution
		{0CE62DE4-F037-42CA-BDB5-AD6F1690A7BB}.Debug|Any CPU.ActiveCfg = Debug|Any CPU
		{0CE62DE4-F037-42CA-BDB5-AD6F1690A7BB}.Debug|Any CPU.Build.0 = Debug|Any CPU
		{0CE62DE4-F037-42CA-BDB5-AD6F1690A7BB}.Release|Any CPU.ActiveCfg = Release|Any CPU
		{0CE62DE4-F037-42CA-BDB5-AD6F1690A7BB}.Release|Any CPU.Build.0 = Release|Any CPU
	EndGlobalSection
	GlobalSection(SolutionProperties) = preSolution
		HideSolutionNode = FALSE
	EndGlobalSection
	GlobalSection(ExtensibilityGlobals) = postSolution
		SolutionGuid = {106E649C-03C5-4141-B67F-CED81879261E}
	EndGlobalSection
EndGlobal
